
Microsoft Visual Studio Solution File, Format Version 12.00
# Visual Studio Version 16
VisualStudioVersion = 16.0.30717.126
MinimumVisualStudioVersion = 10.0.40219.1
Project("{FAE04EC0-301F-11D3-BF4B-00C04F79EFBC}") = "crud-cadastro", "crud-cadastro.csproj", "{61CC4D4D-4F4D-4113-AF42-632E5E9276BE}"
EndProject
Global
	GlobalSection(SolutionConfigurationPlatforms) = preSolution
		Debug|Any CPU = Debug|Any CPU
		Release|Any CPU = Release|Any CPU
	EndGlobalSection
	GlobalSection(ProjectConfigurationPlatforms) = postSolution
		{61CC4D4D-4F4D-4113-AF42-632E5E9276BE}.Debug|Any CPU.ActiveCfg = Debug|Any CPU
		{61CC4D4D-4F4D-4113-AF42-632E5E9276BE}.Debug|Any CPU.Build.0 = Debug|Any CPU
		{61CC4D4D-4F4D-4113-AF42-632E5E9276BE}.Release|Any CPU.ActiveCfg = Release|Any CPU
		{61CC4D4D-4F4D-4113-AF42-632E5E9276BE}.Release|Any CPU.Build.0 = Release|Any CPU
	EndGlobalSection
	GlobalSection(SolutionProperties) = preSolution
		HideSolutionNode = FALSE
	EndGlobalSection
	GlobalSection(ExtensibilityGlobals) = postSolution
		SolutionGuid = {44849571-1B44-499B-A0D8-5D4A6AD9F233}
	EndGlobalSection
EndGlobal
